
Microsoft Visual Studio Solution File, Format Version 12.00
# Visual Studio Version 16
VisualStudioVersion = 16.0.32630.194
MinimumVisualStudioVersion = 10.0.40219.1
Project("{FAE04EC0-301F-11D3-BF4B-00C04F79EFBC}") = "Systema_Registro_Matricula", "Systema_Registro_Matricula.csproj", "{968ACDFD-587D-444C-89D0-4A0AD4C7139E}"
EndProject
Global
	GlobalSection(SolutionConfigurationPlatforms) = preSolution
		Debug|Any CPU = Debug|Any CPU
		Release|Any CPU = Release|Any CPU
	EndGlobalSection
	GlobalSection(ProjectConfigurationPlatforms) = postSolution
		{968ACDFD-587D-444C-89D0-4A0AD4C7139E}.Debug|Any CPU.ActiveCfg = Debug|Any CPU
		{968ACDFD-587D-444C-89D0-4A0AD4C7139E}.Debug|Any CPU.Build.0 = Debug|Any CPU
		{968ACDFD-587D-444C-89D0-4A0AD4C7139E}.Release|Any CPU.ActiveCfg = Release|Any CPU
		{968ACDFD-587D-444C-89D0-4A0AD4C7139E}.Release|Any CPU.Build.0 = Release|Any CPU
	EndGlobalSection
	GlobalSection(SolutionProperties) = preSolution
		HideSolutionNode = FALSE
	EndGlobalSection
	GlobalSection(ExtensibilityGlobals) = postSolution
		SolutionGuid = {90045F9E-EE32-45C8-B03B-D2F886B70465}
	EndGlobalSection
EndGlobal
